
Microsoft Visual Studio Solution File, Format Version 12.00
# Visual Studio Version 16
VisualStudioVersion = 16.0.29509.3
MinimumVisualStudioVersion = 10.0.40219.1
Project("{FAE04EC0-301F-11D3-BF4B-00C04F79EFBC}") = "movienight", "movienight\movienight.csproj", "{9153977E-E2AC-45D1-BFE5-9DDC03228035}"
EndProject
Global
	GlobalSection(SolutionConfigurationPlatforms) = preSolution
		Debug|Any CPU = Debug|Any CPU
		Release|Any CPU = Release|Any CPU
	EndGlobalSection
	GlobalSection(ProjectConfigurationPlatforms) = postSolution
		{9153977E-E2AC-45D1-BFE5-9DDC03228035}.Debug|Any CPU.ActiveCfg = Debug|Any CPU
		{9153977E-E2AC-45D1-BFE5-9DDC03228035}.Debug|Any CPU.Build.0 = Debug|Any CPU
		{9153977E-E2AC-45D1-BFE5-9DDC03228035}.Release|Any CPU.ActiveCfg = Release|Any CPU
		{9153977E-E2AC-45D1-BFE5-9DDC03228035}.Release|Any CPU.Build.0 = Release|Any CPU
	EndGlobalSection
	GlobalSection(SolutionProperties) = preSolution
		HideSolutionNode = FALSE
	EndGlobalSection
	GlobalSection(ExtensibilityGlobals) = postSolution
		SolutionGuid = {5FE94479-42B4-4420-B4B8-8D5337FC3066}
	EndGlobalSection
EndGlobal
